
Microsoft Visual Studio Solution File, Format Version 12.00
# Visual Studio 15
VisualStudioVersion = 15.0.27703.2035
MinimumVisualStudioVersion = 10.0.40219.1
Project("{FAE04EC0-301F-11D3-BF4B-00C04F79EFBC}") = "s3-application", "s3-application\s3-application.csproj", "{659C6426-33D0-4F31-BBF2-F49545AC2E1A}"
EndProject
Global
	GlobalSection(SolutionConfigurationPlatforms) = preSolution
		Debug|Any CPU = Debug|Any CPU
		Release|Any CPU = Release|Any CPU
	EndGlobalSection
	GlobalSection(ProjectConfigurationPlatforms) = postSolution
		{659C6426-33D0-4F31-BBF2-F49545AC2E1A}.Debug|Any CPU.ActiveCfg = Debug|Any CPU
		{659C6426-33D0-4F31-BBF2-F49545AC2E1A}.Debug|Any CPU.Build.0 = Debug|Any CPU
		{659C6426-33D0-4F31-BBF2-F49545AC2E1A}.Release|Any CPU.ActiveCfg = Release|Any CPU
		{659C6426-33D0-4F31-BBF2-F49545AC2E1A}.Release|Any CPU.Build.0 = Release|Any CPU
	EndGlobalSection
	GlobalSection(SolutionProperties) = preSolution
		HideSolutionNode = FALSE
	EndGlobalSection
	GlobalSection(ExtensibilityGlobals) = postSolution
		SolutionGuid = {18CED167-0942-4A65-9314-ACF65C04A0D9}
	EndGlobalSection
EndGlobal
